Microsoft Visual Studio Solution File, Format Version 12.00
# Visual Studio Version 17
VisualStudioVersion = 17.5.2.0
MinimumVisualStudioVersion = 10.0.40219.1
Project("{FAE04EC0-301F-11D3-BF4B-00C04F79EFBC}") = "EmployeesApp", "EmployeesApp.csproj", "{01DCA99A-D3B7-A61C-D197-DB930C62E11C}"
EndProject
Global
	GlobalSection(SolutionConfigurationPlatforms) = preSolution
		Debug|Any CPU = Debug|Any CPU
		Release|Any CPU = Release|Any CPU
	EndGlobalSection
	GlobalSection(ProjectConfigurationPlatforms) = postSolution
		{01DCA99A-D3B7-A61C-D197-DB930C62E11C}.Debug|Any CPU.ActiveCfg = Debug|Any CPU
		{01DCA99A-D3B7-A61C-D197-DB930C62E11C}.Debug|Any CPU.Build.0 = Debug|Any CPU
		{01DCA99A-D3B7-A61C-D197-DB930C62E11C}.Release|Any CPU.ActiveCfg = Release|Any CPU
		{01DCA99A-D3B7-A61C-D197-DB930C62E11C}.Release|Any CPU.Build.0 = Release|Any CPU
	EndGlobalSection
	GlobalSection(SolutionProperties) = preSolution
		HideSolutionNode = FALSE
	EndGlobalSection
	GlobalSection(ExtensibilityGlobals) = postSolution
		SolutionGuid = {971A3C7B-4FE2-4EDC-906E-9FF41C825D68}
	EndGlobalSection
EndGlobal
